
Microsoft Visual Studio Solution File, Format Version 12.00
# Visual Studio Version 17
VisualStudioVersion = 17.9.34622.214
MinimumVisualStudioVersion = 10.0.40219.1
Project("{FAE04EC0-301F-11D3-BF4B-00C04F79EFBC}") = "Desafio1-DAS", "Desafio1-DAS\Desafio1-DAS.csproj", "{A2E478D4-E4A5-4ACD-BC91-10B9E5F6F133}"
EndProject
Global
	GlobalSection(SolutionConfigurationPlatforms) = preSolution
		Debug|Any CPU = Debug|Any CPU
		Release|Any CPU = Release|Any CPU
	EndGlobalSection
	GlobalSection(ProjectConfigurationPlatforms) = postSolution
		{A2E478D4-E4A5-4ACD-BC91-10B9E5F6F133}.Debug|Any CPU.ActiveCfg = Debug|Any CPU
		{A2E478D4-E4A5-4ACD-BC91-10B9E5F6F133}.Debug|Any CPU.Build.0 = Debug|Any CPU
		{A2E478D4-E4A5-4ACD-BC91-10B9E5F6F133}.Release|Any CPU.ActiveCfg = Release|Any CPU
		{A2E478D4-E4A5-4ACD-BC91-10B9E5F6F133}.Release|Any CPU.Build.0 = Release|Any CPU
	EndGlobalSection
	GlobalSection(SolutionProperties) = preSolution
		HideSolutionNode = FALSE
	EndGlobalSection
	GlobalSection(ExtensibilityGlobals) = postSolution
		SolutionGuid = {FCE94CAD-48C2-4FF9-ACEA-697634D0ECEC}
	EndGlobalSection
EndGlobal
